// !$*UTF8*$!
{
	archiveVersion = 1;
	classes = {
	};
	objectVersion = 46;
	objects = {

/* Begin PBXBuildFile section */
		EDAE9D291DAECE2900B16F01 /* AppDelegate.swift in Sources */ = {isa = PBXBuildFile; fileRef = EDAE9D281DAECE2900B16F01 /* AppDelegate.swift */; };
		EDAE9D2B1DAECE2900B16F01 /* ViewController.swift in Sources */ = {isa = PBXBuildFile; fileRef = EDAE9D2A1DAECE2900B16F01 /* ViewController.swift */; };
		EDAE9D2E1DAECE2900B16F01 /* Main.storyboard in Resources */ = {isa = PBXBuildFile; fileRef = EDAE9D2C1DAECE2900B16F01 /* Main.storyboard */; };
		EDAE9D301DAECE2900B16F01 /* Assets.xcassets in Resources */ = {isa = PBXBuildFile; fileRef = EDAE9D2F1DAECE2900B16F01 /* Assets.xcassets */; };
		EDAE9D331DAECE2900B16F01 /* LaunchScreen.storyboard in Resources */ = {isa = PBXBuildFile; fileRef = EDAE9D311DAECE2900B16F01 /* LaunchScreen.storyboard */; };
		EDAE9D3B1DAED01200B16F01 /* photo-1455052642859-f8449866e500.jpg in Resources */ = {isa = PBXBuildFile; fileRef = EDAE9D3A1DAED01200B16F01 /* photo-1455052642859-f8449866e500.jpg */; };
/* End PBXBuildFile section */

/* Begin PBXFileReference section */
		EDAE9D251DAECE2900B16F01 /* Whats The Weather.app */ = {isa = PBXFileReference; explicitFileType = wrapper.application; includeInIndex = 0; path = "Whats The Weather.app"; sourceTree = BUILT_PRODUCTS_DIR; };
		EDAE9D281DAECE2900B16F01 /* AppDelegate.swift */ = {isa = PBXFileReference; lastKnownFileType = sourcecode.swift; path = AppDelegate.swift; sourceTree = "<group>"; };
		EDAE9D2A1DAECE2900B16F01 /* ViewController.swift */ = {isa = PBXFileReference; lastKnownFileType = sourcecode.swift; path = ViewController.swift; sourceTree = "<group>"; };
		EDAE9D2D1DAECE2900B16F01 /* Base */ = {isa = PBXFileReference; lastKnownFileType = file.storyboard; name = Base; path = Base.lproj/Main.storyboard; sourceTree = "<group>"; };
		EDAE9D2F1DAECE2900B16F01 /* Assets.xcassets */ = {isa = PBXFileReference; lastKnownFileType = folder.assetcatalog; path = Assets.xcassets; sourceTree = "<group>"; };
		EDAE9D321DAECE2900B16F01 /* Base */ = {isa = PBXFileReference; lastKnownFileType = file.storyboard; name = Base; path = Base.lproj/LaunchScreen.storyboard; sourceTree = "<group>"; };
		EDAE9D341DAECE2900B16F01 /* Info.plist */ = {isa = PBXFileReference; lastKnownFileType = text.plist.xml; path = Info.plist; sourceTree = "<group>"; };
		EDAE9D3A1DAED01200B16F01 /* photo-1455052642859-f8449866e500.jpg */ = {isa = PBXFileReference; lastKnownFileType = image.jpeg; path = "photo-1455052642859-f8449866e500.jpg"; sourceTree = "<group>"; };
/* End PBXFileReference section */

/* Begin PBXFrameworksBuildPhase section */
		EDAE9D221DAECE2900B16F01 /* Frameworks */ = {
			isa = PBXFrameworksBuildPhase;
			buildActionMask = 2147483647;
			files = (
			);
			runOnlyForDeploymentPostprocessing = 0;
		};
/* End PBXFrameworksBuildPhase section */

/* Begin PBXGroup section */
		EDAE9D1C1DAECE2900B16F01 = {
			isa = PBXGroup;
			children = (
				EDAE9D271DAECE2900B16F01 /* Whats The Weather */,
				EDAE9D261DAECE2900B16F01 /* Products */,
			);
			sourceTree = "<group>";
		};
		EDAE9D261DAECE2900B16F01 /* Products */ = {
			isa = PBXGroup;
			children = (
				EDAE9D251DAECE2900B16F01 /* Whats The Weather.app */,
			);
			name = Products;
			sourceTree = "<group>";
		};
		EDAE9D271DAECE2900B16F01 /* Whats The Weather */ = {
			isa = PBXGroup;
			children = (
				EDAE9D3A1DAED01200B16F01 /* photo-1455052642859-f8449866e500.jpg */,
				EDAE9D281DAECE2900B16F01 /* AppDelegate.swift */,
				EDAE9D2A1DAECE2900B16F01 /* ViewController.swift */,
				EDAE9D2C1DAECE2900B16F01 /* Main.storyboard */,
				EDAE9D2F1DAECE2900B16F01 /* Assets.xcassets */,
				EDAE9D311DAECE2900B16F01 /* LaunchScreen.storyboard */,
				EDAE9D341DAECE2900B16F01 /* Info.plist */,
			);
			path = "Whats The Weather";
			sourceTree = "<group>";
		};
/* End PBXGroup section */

/* Begin PBXNativeTarget section */
		EDAE9D241DAECE2900B16F01 /* Whats The Weather */ = {
			isa = PBXNativeTarget;
			buildConfigurationList = EDAE9D371DAECE2900B16F01 /* Build configuration list for PBXNativeTarget "Whats The Weather" */;
			buildPhases = (
				EDAE9D211DAECE2900B16F01 /* Sources */,
				EDAE9D221DAECE2900B16F01 /* Frameworks */,
				EDAE9D231DAECE2900B16F01 /* Resources */,
			);
			buildRules = (
			);
			dependencies = (
			);
			name = "Whats The Weather";
			productName = "Whats The Weather";
			productReference = EDAE9D251DAECE2900B16F01 /* Whats The Weather.app */;
			productType = "com.apple.product-type.application";
		};
/* End PBXNativeTarget section */

/* Begin PBXProject section */
		EDAE9D1D1DAECE2900B16F01 /* Project object */ = {
			isa = PBXProject;
			attributes = {
				LastSwiftUpdateCheck = 0800;
				LastUpgradeCheck = 0800;
				ORGANIZATIONNAME = Donaghe;
				TargetAttributes = {
					EDAE9D241DAECE2900B16F01 = {
						CreatedOnToolsVersion = 8.0;
						ProvisioningStyle = Automatic;
					};
				};
			};
			buildConfigurationList = EDAE9D201DAECE2900B16F01 /* Build configuration list for PBXProject "Whats The Weather" */;
			compatibilityVersion = "Xcode 3.2";
			developmentRegion = English;
			hasScannedForEncodings = 0;
			knownRegions = (
				en,
				Base,
			);
			mainGroup = EDAE9D1C1DAECE2900B16F01;
			productRefGroup = EDAE9D261DAECE2900B16F01 /* Products */;
			projectDirPath = "";
			projectRoot = "";
			targets = (
				EDAE9D241DAECE2900B16F01 /* Whats The Weather */,
			);
		};
/* End PBXProject section */

/* Begin PBXResourcesBuildPhase section */
		EDAE9D231DAECE2900B16F01 /* Resources */ = {
			isa = PBXResourcesBuildPhase;
			buildActionMask = 2147483647;
			files = (
				EDAE9D3B1DAED01200B16F01 /* photo-1455052642859-f8449866e500.jpg in Resources */,
				EDAE9D331DAECE2900B16F01 /* LaunchScreen.storyboard in Resources */,
				EDAE9D301DAECE2900B16F01 /* Assets.xcassets in Resources */,
				EDAE9D2E1DAECE2900B16F01 /* Main.storyboard in Resources */,
			);
			runOnlyForDeploymentPostprocessing = 0;
		};
/* End PBXResourcesBuildPhase section */

/* Begin PBXSourcesBuildPhase section */
		EDAE9D211DAECE2900B16F01 /* Sources */ = {
			isa = PBXSourcesBuildPhase;
			buildActionMask = 2147483647;
			files = (
				EDAE9D2B1DAECE2900B16F01 /* ViewController.swift in Sources */,
				EDAE9D291DAECE2900B16F01 /* AppDelegate.swift in Sources */,
			);
			runOnlyForDeploymentPostprocessing = 0;
		};
/* End PBXSourcesBuildPhase section */

/* Begin PBXVariantGroup section */
		EDAE9D2C1DAECE2900B16F01 /* Main.storyboard */ = {
			isa = PBXVariantGroup;
			children = (
				EDAE9D2D1DAECE2900B16F01 /* Base */,
			);
			name = Main.storyboard;
			sourceTree = "<group>";
		};
		EDAE9D311DAECE2900B16F01 /* LaunchScreen.storyboard */ = {
			isa = PBXVariantGroup;
			children = (
				EDAE9D321DAECE2900B16F01 /* Base */,
			);
			name = LaunchScreen.storyboard;
			sourceTree = "<group>";
		};
/* End PBXVariantGroup section */

/* Begin XCBuildConfiguration section */
		EDAE9D351DAECE2900B16F01 /* Debug */ = {
			isa = XCBuildConfiguration;
			buildSettings = {
				ALWAYS_SEARCH_USER_PATHS = NO;
				CLANG_ANALYZER_NONNULL = YES;
				CLANG_CXX_LANGUAGE_STANDARD = "gnu++0x";
				CLANG_CXX_LIBRARY = "libc++";
				CLANG_ENABLE_MODULES = YES;
				CLANG_ENABLE_OBJC_ARC = YES;
				CLANG_WARN_BOOL_CONVERSION = YES;
				CLANG_WARN_CONSTANT_CONVERSION = YES;
				CLANG_WARN_DIRECT_OBJC_ISA_USAGE = YES_ERROR;
				CLANG_WARN_DOCUMENTATION_COMMENTS = YES;
				CLANG_WARN_EMPTY_BODY = YES;
				CLANG_WARN_ENUM_CONVERSION = YES;
				CLANG_WARN_INFINITE_RECURSION = YES;
				CLANG_WARN_INT_CONVERSION = YES;
				CLANG_WARN_OBJC_ROOT_CLASS = YES_ERROR;
				CLANG_WARN_SUSPICIOUS_MOVES = YES;
				CLANG_WARN_UNREACHABLE_CODE = YES;
				CLANG_WARN__DUPLICATE_METHOD_MATCH = YES;
				"CODE_SIGN_IDENTITY[sdk=iphoneos*]" = "iPhone Developer";
				COPY_PHASE_STRIP = NO;
				DEBUG_INFORMATION_FORMAT = dwarf;
				ENABLE_STRICT_OBJC_MSGSEND = YES;
				ENABLE_TESTABILITY = YES;
				GCC_C_LANGUAGE_STANDARD = gnu99;
				GCC_DYNAMIC_NO_PIC = NO;
				GCC_NO_COMMON_BLOCKS = YES;
				GCC_OPTIMIZATION_LEVEL = 0;
				GCC_PREPROCESSOR_DEFINITIONS = (
					"DEBUG=1",
					"$(inherited)",
				);
				GCC_WARN_64_TO_32_BIT_CONVERSION = YES;
				GCC_WARN_ABOUT_RETURN_TYPE = YES_ERROR;
				GCC_WARN_UNDECLARED_SELECTOR = YES;
				GCC_WARN_UNINITIALIZED_AUTOS = YES_AGGRESSIVE;
				GCC_WARN_UNUSED_FUNCTION = YES;
				GCC_WARN_UNUSED_VARIABLE = YES;
				IPHONEOS_DEPLOYMENT_TARGET = 10.0;
				MTL_ENABLE_DEBUG_INFO = YES;
				ONLY_ACTIVE_ARCH = YES;
				SDKROOT = iphoneos;
				SWIFT_ACTIVE_COMPILATION_CONDITIONS = DEBUG;
				SWIFT_OPTIMIZATION_LEVEL = "-Onone";
			};
			name = Debug;
		};
		EDAE9D361DAECE2900B16F01 /* Release */ = {
			isa = XCBuildConfiguration;
			buildSettings = {
				ALWAYS_SEARCH_USER_PATHS = NO;
				CLANG_ANALYZER_NONNULL = YES;
				CLANG_CXX_LANGUAGE_STANDARD = "gnu++0x";
				CLANG_CXX_LIBRARY = "libc++";
				CLANG_ENABLE_MODULES = YES;
				CLANG_ENABLE_OBJC_ARC = YES;
				CLANG_WARN_BOOL_CONVERSION = YES;
				CLANG_WARN_CONSTANT_CONVERSION = YES;
				CLANG_WARN_DIRECT_OBJC_ISA_USAGE = YES_ERROR;
				CLANG_WARN_DOCUMENTATION_COMMENTS = YES;
				CLANG_WARN_EMPTY_BODY = YES;
				CLANG_WARN_ENUM_CONVERSION = YES;
				CLANG_WARN_INFINITE_RECURSION = YES;
				CLANG_WARN_INT_CONVERSION = YES;
				CLANG_WARN_OBJC_ROOT_CLASS = YES_ERROR;
				CLANG_WARN_SUSPICIOUS_MOVES = YES;
				CLANG_WARN_UNREACHABLE_CODE = YES;
				CLANG_WARN__DUPLICATE_METHOD_MATCH = YES;
				"CODE_SIGN_IDENTITY[sdk=iphoneos*]" = "iPhone Developer";
				COPY_PHASE_STRIP = NO;
				DEBUG_INFORMATION_FORMAT = "dwarf-with-dsym";
				ENABLE_NS_ASSERTIONS = NO;
				ENABLE_STRICT_OBJC_MSGSEND = YES;
				GCC_C_LANGUAGE_STANDARD = gnu99;
				GCC_NO_COMMON_BLOCKS = YES;
				GCC_WARN_64_TO_32_BIT_CONVERSION = YES;
				GCC_WARN_ABOUT_RETURN_TYPE = YES_ERROR;
				GCC_WARN_UNDECLARED_SELECTOR = YES;
				GCC_WARN_UNINITIALIZED_AUTOS = YES_AGGRESSIVE;
				GCC_WARN_UNUSED_FUNCTION = YES;
				GCC_WARN_UNUSED_VARIABLE = YES;
				IPHONEOS_DEPLOYMENT_TARGET = 10.0;
				MTL_ENABLE_DEBUG_INFO = NO;
				SDKROOT = iphoneos;
				SWIFT_OPTIMIZATION_LEVEL = "-Owholemodule";
				VALIDATE_PRODUCT = YES;
			};
			name = Release;
		};
		EDAE9D381DAECE2900B16F01 /* Debug */ = {
			isa = XCBuildConfiguration;
			buildSettings = {
				ASSETCATALOG_COMPILER_APPICON_NAME = AppIcon;
				INFOPLIST_FILE = "Whats The Weather/Info.plist";
				LD_RUNPATH_SEARCH_PATHS = "$(inherited) @executable_path/Frameworks";
				PRODUCT_BUNDLE_IDENTIFIER = "com.donaghe.Whats-The-Weather";
				PRODUCT_NAME = "$(TARGET_NAME)";
				SWIFT_VERSION = 3.0;
			};
			name = Debug;
		};
		EDAE9D391DAECE2900B16F01 /* Release */ = {
			isa = XCBuildConfiguration;
			buildSettings = {
				ASSETCATALOG_COMPILER_APPICON_NAME = AppIcon;
				INFOPLIST_FILE = "Whats The Weather/Info.plist";
				LD_RUNPATH_SEARCH_PATHS = "$(inherited) @executable_path/Frameworks";
				PRODUCT_BUNDLE_IDENTIFIER = "com.donaghe.Whats-The-Weather";
				PRODUCT_NAME = "$(TARGET_NAME)";
				SWIFT_VERSION = 3.0;
			};
			name = Release;
		};
/* End XCBuildConfiguration section */

/* Begin XCConfigurationList section */
		EDAE9D201DAECE2900B16F01 /* Build configuration list for PBXProject "Whats The Weather" */ = {
			isa = XCConfigurationList;
			buildConfigurations = (
				EDAE9D351DAECE2900B16F01 /* Debug */,
				EDAE9D361DAECE2900B16F01 /* Release */,
			);
			defaultConfigurationIsVisible = 0;
			defaultConfigurationName = Release;
		};
		EDAE9D371DAECE2900B16F01 /* Build configuration list for PBXNativeTarget "Whats The Weather" */ = {
			isa = XCConfigurationList;
			buildConfigurations = (
				EDAE9D381DAECE2900B16F01 /* Debug */,
				EDAE9D391DAECE2900B16F01 /* Release */,
			);
			defaultConfigurationIsVisible = 0;
		};
/* End XCConfigurationList section */
	};
	rootObject = EDAE9D1D1DAECE2900B16F01 /* Project object */;
}
